
Microsoft Visual Studio Solution File, Format Version 12.00
# Visual Studio 15
VisualStudioVersion = 15.0.27004.2010
MinimumVisualStudioVersion = 10.0.40219.1
Project("{FAE04EC0-301F-11D3-BF4B-00C04F79EFBC}") = "Day01", "Day01\Day01.csproj", "{160D1D8E-A078-4180-BCDA-D18AC8F08A3E}"
EndProject
Project("{FAE04EC0-301F-11D3-BF4B-00C04F79EFBC}") = "Day02", "Day02\Day02.csproj", "{19DA5923-D0F5-42F1-AB18-F1BFFC72E13B}"
EndProject
Project("{FAE04EC0-301F-11D3-BF4B-00C04F79EFBC}") = "Day03", "Day03\Day03.csproj", "{6DC2FACA-4F86-486E-AECF-B71AF263FD17}"
EndProject
Project("{FAE04EC0-301F-11D3-BF4B-00C04F79EFBC}") = "Day04", "Day04\Day04.csproj", "{6530A87A-4393-4A2A-B604-773541B7BA77}"
EndProject
Project("{FAE04EC0-301F-11D3-BF4B-00C04F79EFBC}") = "Day05", "Day05\Day05.csproj", "{F1B4BBDB-FF68-432E-9B16-76F38AB49278}"
EndProject
Project("{FAE04EC0-301F-11D3-BF4B-00C04F79EFBC}") = "Day06", "Day06\Day06.csproj", "{5C1E389F-8AB7-42A0-BB50-5E488707AE6C}"
EndProject
Project("{FAE04EC0-301F-11D3-BF4B-00C04F79EFBC}") = "Day07", "Day07\Day07.csproj", "{39E2ED27-84A9-4231-8E4F-9999CEE68FD1}"
EndProject
Project("{FAE04EC0-301F-11D3-BF4B-00C04F79EFBC}") = "Day08", "Day08\Day08.csproj", "{C725A024-82E3-46A6-AABB-A9C852A88230}"
EndProject
Project("{FAE04EC0-301F-11D3-BF4B-00C04F79EFBC}") = "Day09", "Day09\Day09.csproj", "{9CDD3AF0-731D-4D51-B637-78920B78FEBF}"
EndProject
Project("{FAE04EC0-301F-11D3-BF4B-00C04F79EFBC}") = "Day10", "Day10\Day10.csproj", "{59A9A55C-8C6B-49E2-B6C4-31E065F1FEB6}"
EndProject
Project("{FAE04EC0-301F-11D3-BF4B-00C04F79EFBC}") = "Day11", "Day11\Day11.csproj", "{8222CFB4-B0A5-44F3-89E2-F0F49F309738}"
EndProject
Project("{FAE04EC0-301F-11D3-BF4B-00C04F79EFBC}") = "Helpers", "Helpers\Helpers.csproj", "{BF4C9306-837F-4A70-A68D-7279764EC2CB}"
EndProject
Global
	GlobalSection(SolutionConfigurationPlatforms) = preSolution
		Debug|Any CPU = Debug|Any CPU
		Debug|x64 = Debug|x64
		Debug|x86 = Debug|x86
		Release|Any CPU = Release|Any CPU
		Release|x64 = Release|x64
		Release|x86 = Release|x86
	EndGlobalSection
	GlobalSection(ProjectConfigurationPlatforms) = postSolution
		{160D1D8E-A078-4180-BCDA-D18AC8F08A3E}.Debug|Any CPU.ActiveCfg = Debug|Any CPU
		{160D1D8E-A078-4180-BCDA-D18AC8F08A3E}.Debug|Any CPU.Build.0 = Debug|Any CPU
		{160D1D8E-A078-4180-BCDA-D18AC8F08A3E}.Debug|x64.ActiveCfg = Debug|Any CPU
		{160D1D8E-A078-4180-BCDA-D18AC8F08A3E}.Debug|x64.Build.0 = Debug|Any CPU
		{160D1D8E-A078-4180-BCDA-D18AC8F08A3E}.Debug|x86.ActiveCfg = Debug|Any CPU
		{160D1D8E-A078-4180-BCDA-D18AC8F08A3E}.Debug|x86.Build.0 = Debug|Any CPU
		{160D1D8E-A078-4180-BCDA-D18AC8F08A3E}.Release|Any CPU.ActiveCfg = Release|Any CPU
		{160D1D8E-A078-4180-BCDA-D18AC8F08A3E}.Release|Any CPU.Build.0 = Release|Any CPU
		{160D1D8E-A078-4180-BCDA-D18AC8F08A3E}.Release|x64.ActiveCfg = Release|Any CPU
		{160D1D8E-A078-4180-BCDA-D18AC8F08A3E}.Release|x64.Build.0 = Release|Any CPU
		{160D1D8E-A078-4180-BCDA-D18AC8F08A3E}.Release|x86.ActiveCfg = Release|Any CPU
		{160D1D8E-A078-4180-BCDA-D18AC8F08A3E}.Release|x86.Build.0 = Release|Any CPU
		{19DA5923-D0F5-42F1-AB18-F1BFFC72E13B}.Debug|Any CPU.ActiveCfg = Debug|Any CPU
		{19DA5923-D0F5-42F1-AB18-F1BFFC72E13B}.Debug|Any CPU.Build.0 = Debug|Any CPU
		{19DA5923-D0F5-42F1-AB18-F1BFFC72E13B}.Debug|x64.ActiveCfg = Debug|Any CPU
		{19DA5923-D0F5-42F1-AB18-F1BFFC72E13B}.Debug|x64.Build.0 = Debug|Any CPU
		{19DA5923-D0F5-42F1-AB18-F1BFFC72E13B}.Debug|x86.ActiveCfg = Debug|Any CPU
		{19DA5923-D0F5-42F1-AB18-F1BFFC72E13B}.Debug|x86.Build.0 = Debug|Any CPU
		{19DA5923-D0F5-42F1-AB18-F1BFFC72E13B}.Release|Any CPU.ActiveCfg = Release|Any CPU
		{19DA5923-D0F5-42F1-AB18-F1BFFC72E13B}.Release|Any CPU.Build.0 = Release|Any CPU
		{19DA5923-D0F5-42F1-AB18-F1BFFC72E13B}.Release|x64.ActiveCfg = Release|Any CPU
		{19DA5923-D0F5-42F1-AB18-F1BFFC72E13B}.Release|x64.Build.0 = Release|Any CPU
		{19DA5923-D0F5-42F1-AB18-F1BFFC72E13B}.Release|x86.ActiveCfg = Release|Any CPU
		{19DA5923-D0F5-42F1-AB18-F1BFFC72E13B}.Release|x86.Build.0 = Release|Any CPU
		{6DC2FACA-4F86-486E-AECF-B71AF263FD17}.Debug|Any CPU.ActiveCfg = Debug|Any CPU
		{6DC2FACA-4F86-486E-AECF-B71AF263FD17}.Debug|Any CPU.Build.0 = Debug|Any CPU
		{6DC2FACA-4F86-486E-AECF-B71AF263FD17}.Debug|x64.ActiveCfg = Debug|Any CPU
		{6DC2FACA-4F86-486E-AECF-B71AF263FD17}.Debug|x64.Build.0 = Debug|Any CPU
		{6DC2FACA-4F86-486E-AECF-B71AF263FD17}.Debug|x86.ActiveCfg = Debug|Any CPU
		{6DC2FACA-4F86-486E-AECF-B71AF263FD17}.Debug|x86.Build.0 = Debug|Any CPU
		{6DC2FACA-4F86-486E-AECF-B71AF263FD17}.Release|Any CPU.ActiveCfg = Release|Any CPU
		{6DC2FACA-4F86-486E-AECF-B71AF263FD17}.Release|Any CPU.Build.0 = Release|Any CPU
		{6DC2FACA-4F86-486E-AECF-B71AF263FD17}.Release|x64.ActiveCfg = Release|Any CPU
		{6DC2FACA-4F86-486E-AECF-B71AF263FD17}.Release|x64.Build.0 = Release|Any CPU
		{6DC2FACA-4F86-486E-AECF-B71AF263FD17}.Release|x86.ActiveCfg = Release|Any CPU
		{6DC2FACA-4F86-486E-AECF-B71AF263FD17}.Release|x86.Build.0 = Release|Any CPU
		{6530A87A-4393-4A2A-B604-773541B7BA77}.Debug|Any CPU.ActiveCfg = Debug|Any CPU
		{6530A87A-4393-4A2A-B604-773541B7BA77}.Debug|Any CPU.Build.0 = Debug|Any CPU
		{6530A87A-4393-4A2A-B604-773541B7BA77}.Debug|x64.ActiveCfg = Debug|Any CPU
		{6530A87A-4393-4A2A-B604-773541B7BA77}.Debug|x64.Build.0 = Debug|Any CPU
		{6530A87A-4393-4A2A-B604-773541B7BA77}.Debug|x86.ActiveCfg = Debug|Any CPU
		{6530A87A-4393-4A2A-B604-773541B7BA77}.Debug|x86.Build.0 = Debug|Any CPU
		{6530A87A-4393-4A2A-B604-773541B7BA77}.Release|Any CPU.ActiveCfg = Release|Any CPU
		{6530A87A-4393-4A2A-B604-773541B7BA77}.Release|Any CPU.Build.0 = Release|Any CPU
		{6530A87A-4393-4A2A-B604-773541B7BA77}.Release|x64.ActiveCfg = Release|Any CPU
		{6530A87A-4393-4A2A-B604-773541B7BA77}.Release|x64.Build.0 = Release|Any CPU
		{6530A87A-4393-4A2A-B604-773541B7BA77}.Release|x86.ActiveCfg = Release|Any CPU
		{6530A87A-4393-4A2A-B604-773541B7BA77}.Release|x86.Build.0 = Release|Any CPU
		{F1B4BBDB-FF68-432E-9B16-76F38AB49278}.Debug|Any CPU.ActiveCfg = Debug|Any CPU
		{F1B4BBDB-FF68-432E-9B16-76F38AB49278}.Debug|Any CPU.Build.0 = Debug|Any CPU
		{F1B4BBDB-FF68-432E-9B16-76F38AB49278}.Debug|x64.ActiveCfg = Debug|Any CPU
		{F1B4BBDB-FF68-432E-9B16-76F38AB49278}.Debug|x64.Build.0 = Debug|Any CPU
		{F1B4BBDB-FF68-432E-9B16-76F38AB49278}.Debug|x86.ActiveCfg = Debug|Any CPU
		{F1B4BBDB-FF68-432E-9B16-76F38AB49278}.Debug|x86.Build.0 = Debug|Any CPU
		{F1B4BBDB-FF68-432E-9B16-76F38AB49278}.Release|Any CPU.ActiveCfg = Release|Any CPU
		{F1B4BBDB-FF68-432E-9B16-76F38AB49278}.Release|Any CPU.Build.0 = Release|Any CPU
		{F1B4BBDB-FF68-432E-9B16-76F38AB49278}.Release|x64.ActiveCfg = Release|Any CPU
		{F1B4BBDB-FF68-432E-9B16-76F38AB49278}.Release|x64.Build.0 = Release|Any CPU
		{F1B4BBDB-FF68-432E-9B16-76F38AB49278}.Release|x86.ActiveCfg = Release|Any CPU
		{F1B4BBDB-FF68-432E-9B16-76F38AB49278}.Release|x86.Build.0 = Release|Any CPU
		{5C1E389F-8AB7-42A0-BB50-5E488707AE6C}.Debug|Any CPU.ActiveCfg = Debug|Any CPU
		{5C1E389F-8AB7-42A0-BB50-5E488707AE6C}.Debug|Any CPU.Build.0 = Debug|Any CPU
		{5C1E389F-8AB7-42A0-BB50-5E488707AE6C}.Debug|x64.ActiveCfg = Debug|Any CPU
		{5C1E389F-8AB7-42A0-BB50-5E488707AE6C}.Debug|x64.Build.0 = Debug|Any CPU
		{5C1E389F-8AB7-42A0-BB50-5E488707AE6C}.Debug|x86.ActiveCfg = Debug|Any CPU
		{5C1E389F-8AB7-42A0-BB50-5E488707AE6C}.Debug|x86.Build.0 = Debug|Any CPU
		{5C1E389F-8AB7-42A0-BB50-5E488707AE6C}.Release|Any CPU.ActiveCfg = Release|Any CPU
		{5C1E389F-8AB7-42A0-BB50-5E488707AE6C}.Release|Any CPU.Build.0 = Release|Any CPU
		{5C1E389F-8AB7-42A0-BB50-5E488707AE6C}.Release|x64.ActiveCfg = Release|Any CPU
		{5C1E389F-8AB7-42A0-BB50-5E488707AE6C}.Release|x64.Build.0 = Release|Any CPU
		{5C1E389F-8AB7-42A0-BB50-5E488707AE6C}.Release|x86.ActiveCfg = Release|Any CPU
		{5C1E389F-8AB7-42A0-BB50-5E488707AE6C}.Release|x86.Build.0 = Release|Any CPU
		{39E2ED27-84A9-4231-8E4F-9999CEE68FD1}.Debug|Any CPU.ActiveCfg = Debug|Any CPU
		{39E2ED27-84A9-4231-8E4F-9999CEE68FD1}.Debug|Any CPU.Build.0 = Debug|Any CPU
		{39E2ED27-84A9-4231-8E4F-9999CEE68FD1}.Debug|x64.ActiveCfg = Debug|Any CPU
		{39E2ED27-84A9-4231-8E4F-9999CEE68FD1}.Debug|x64.Build.0 = Debug|Any CPU
		{39E2ED27-84A9-4231-8E4F-9999CEE68FD1}.Debug|x86.ActiveCfg = Debug|Any CPU
		{39E2ED27-84A9-4231-8E4F-9999CEE68FD1}.Debug|x86.Build.0 = Debug|Any CPU
		{39E2ED27-84A9-4231-8E4F-9999CEE68FD1}.Release|Any CPU.ActiveCfg = Release|Any CPU
		{39E2ED27-84A9-4231-8E4F-9999CEE68FD1}.Release|Any CPU.Build.0 = Release|Any CPU
		{39E2ED27-84A9-4231-8E4F-9999CEE68FD1}.Release|x64.ActiveCfg = Release|Any CPU
		{39E2ED27-84A9-4231-8E4F-9999CEE68FD1}.Release|x64.Build.0 = Release|Any CPU
		{39E2ED27-84A9-4231-8E4F-9999CEE68FD1}.Release|x86.ActiveCfg = Release|Any CPU
		{39E2ED27-84A9-4231-8E4F-9999CEE68FD1}.Release|x86.Build.0 = Release|Any CPU
		{C725A024-82E3-46A6-AABB-A9C852A88230}.Debug|Any CPU.ActiveCfg = Debug|Any CPU
		{C725A024-82E3-46A6-AABB-A9C852A88230}.Debug|Any CPU.Build.0 = Debug|Any CPU
		{C725A024-82E3-46A6-AABB-A9C852A88230}.Debug|x64.ActiveCfg = Debug|Any CPU
		{C725A024-82E3-46A6-AABB-A9C852A88230}.Debug|x64.Build.0 = Debug|Any CPU
		{C725A024-82E3-46A6-AABB-A9C852A88230}.Debug|x86.ActiveCfg = Debug|Any CPU
		{C725A024-82E3-46A6-AABB-A9C852A88230}.Debug|x86.Build.0 = Debug|Any CPU
		{C725A024-82E3-46A6-AABB-A9C852A88230}.Release|Any CPU.ActiveCfg = Release|Any CPU
		{C725A024-82E3-46A6-AABB-A9C852A88230}.Release|Any CPU.Build.0 = Release|Any CPU
		{C725A024-82E3-46A6-AABB-A9C852A88230}.Release|x64.ActiveCfg = Release|Any CPU
		{C725A024-82E3-46A6-AABB-A9C852A88230}.Release|x64.Build.0 = Release|Any CPU
		{C725A024-82E3-46A6-AABB-A9C852A88230}.Release|x86.ActiveCfg = Release|Any CPU
		{C725A024-82E3-46A6-AABB-A9C852A88230}.Release|x86.Build.0 = Release|Any CPU
		{9CDD3AF0-731D-4D51-B637-78920B78FEBF}.Debug|Any CPU.ActiveCfg = Debug|Any CPU
		{9CDD3AF0-731D-4D51-B637-78920B78FEBF}.Debug|Any CPU.Build.0 = Debug|Any CPU
		{9CDD3AF0-731D-4D51-B637-78920B78FEBF}.Debug|x64.ActiveCfg = Debug|Any CPU
		{9CDD3AF0-731D-4D51-B637-78920B78FEBF}.Debug|x64.Build.0 = Debug|Any CPU
		{9CDD3AF0-731D-4D51-B637-78920B78FEBF}.Debug|x86.ActiveCfg = Debug|Any CPU
		{9CDD3AF0-731D-4D51-B637-78920B78FEBF}.Debug|x86.Build.0 = Debug|Any CPU
		{9CDD3AF0-731D-4D51-B637-78920B78FEBF}.Release|Any CPU.ActiveCfg = Release|Any CPU
		{9CDD3AF0-731D-4D51-B637-78920B78FEBF}.Release|Any CPU.Build.0 = Release|Any CPU
		{9CDD3AF0-731D-4D51-B637-78920B78FEBF}.Release|x64.ActiveCfg = Release|Any CPU
		{9CDD3AF0-731D-4D51-B637-78920B78FEBF}.Release|x64.Build.0 = Release|Any CPU
		{9CDD3AF0-731D-4D51-B637-78920B78FEBF}.Release|x86.ActiveCfg = Release|Any CPU
		{9CDD3AF0-731D-4D51-B637-78920B78FEBF}.Release|x86.Build.0 = Release|Any CPU
		{59A9A55C-8C6B-49E2-B6C4-31E065F1FEB6}.Debug|Any CPU.ActiveCfg = Debug|Any CPU
		{59A9A55C-8C6B-49E2-B6C4-31E065F1FEB6}.Debug|Any CPU.Build.0 = Debug|Any CPU
		{59A9A55C-8C6B-49E2-B6C4-31E065F1FEB6}.Debug|x64.ActiveCfg = Debug|Any CPU
		{59A9A55C-8C6B-49E2-B6C4-31E065F1FEB6}.Debug|x64.Build.0 = Debug|Any CPU
		{59A9A55C-8C6B-49E2-B6C4-31E065F1FEB6}.Debug|x86.ActiveCfg = Debug|Any CPU
		{59A9A55C-8C6B-49E2-B6C4-31E065F1FEB6}.Debug|x86.Build.0 = Debug|Any CPU
		{59A9A55C-8C6B-49E2-B6C4-31E065F1FEB6}.Release|Any CPU.ActiveCfg = Release|Any CPU
		{59A9A55C-8C6B-49E2-B6C4-31E065F1FEB6}.Release|Any CPU.Build.0 = Release|Any CPU
		{59A9A55C-8C6B-49E2-B6C4-31E065F1FEB6}.Release|x64.ActiveCfg = Release|Any CPU
		{59A9A55C-8C6B-49E2-B6C4-31E065F1FEB6}.Release|x64.Build.0 = Release|Any CPU
		{59A9A55C-8C6B-49E2-B6C4-31E065F1FEB6}.Release|x86.ActiveCfg = Release|Any CPU
		{59A9A55C-8C6B-49E2-B6C4-31E065F1FEB6}.Release|x86.Build.0 = Release|Any CPU
		{8222CFB4-B0A5-44F3-89E2-F0F49F309738}.Debug|Any CPU.ActiveCfg = Debug|Any CPU
		{8222CFB4-B0A5-44F3-89E2-F0F49F309738}.Debug|Any CPU.Build.0 = Debug|Any CPU
		{8222CFB4-B0A5-44F3-89E2-F0F49F309738}.Debug|x64.ActiveCfg = Debug|Any CPU
		{8222CFB4-B0A5-44F3-89E2-F0F49F309738}.Debug|x64.Build.0 = Debug|Any CPU
		{8222CFB4-B0A5-44F3-89E2-F0F49F309738}.Debug|x86.ActiveCfg = Debug|Any CPU
		{8222CFB4-B0A5-44F3-89E2-F0F49F309738}.Debug|x86.Build.0 = Debug|Any CPU
		{8222CFB4-B0A5-44F3-89E2-F0F49F309738}.Release|Any CPU.ActiveCfg = Release|Any CPU
		{8222CFB4-B0A5-44F3-89E2-F0F49F309738}.Release|Any CPU.Build.0 = Release|Any CPU
		{8222CFB4-B0A5-44F3-89E2-F0F49F309738}.Release|x64.ActiveCfg = Release|Any CPU
		{8222CFB4-B0A5-44F3-89E2-F0F49F309738}.Release|x64.Build.0 = Release|Any CPU
		{8222CFB4-B0A5-44F3-89E2-F0F49F309738}.Release|x86.ActiveCfg = Release|Any CPU
		{8222CFB4-B0A5-44F3-89E2-F0F49F309738}.Release|x86.Build.0 = Release|Any CPU
		{BF4C9306-837F-4A70-A68D-7279764EC2CB}.Debug|Any CPU.ActiveCfg = Debug|Any CPU
		{BF4C9306-837F-4A70-A68D-7279764EC2CB}.Debug|Any CPU.Build.0 = Debug|Any CPU
		{BF4C9306-837F-4A70-A68D-7279764EC2CB}.Debug|x64.ActiveCfg = Debug|Any CPU
		{BF4C9306-837F-4A70-A68D-7279764EC2CB}.Debug|x64.Build.0 = Debug|Any CPU
		{BF4C9306-837F-4A70-A68D-7279764EC2CB}.Debug|x86.ActiveCfg = Debug|Any CPU
		{BF4C9306-837F-4A70-A68D-7279764EC2CB}.Debug|x86.Build.0 = Debug|Any CPU
		{BF4C9306-837F-4A70-A68D-7279764EC2CB}.Release|Any CPU.ActiveCfg = Release|Any CPU
		{BF4C9306-837F-4A70-A68D-7279764EC2CB}.Release|Any CPU.Build.0 = Release|Any CPU
		{BF4C9306-837F-4A70-A68D-7279764EC2CB}.Release|x64.ActiveCfg = Release|Any CPU
		{BF4C9306-837F-4A70-A68D-7279764EC2CB}.Release|x64.Build.0 = Release|Any CPU
		{BF4C9306-837F-4A70-A68D-7279764EC2CB}.Release|x86.ActiveCfg = Release|Any CPU
		{BF4C9306-837F-4A70-A68D-7279764EC2CB}.Release|x86.Build.0 = Release|Any CPU
	EndGlobalSection
	GlobalSection(SolutionProperties) = preSolution
		HideSolutionNode = FALSE
	EndGlobalSection
	GlobalSection(ExtensibilityGlobals) = postSolution
		SolutionGuid = {B31FF4C1-22A0-4FD5-A245-5A36CCBFD9C9}
	EndGlobalSection
EndGlobal
